
Microsoft Visual Studio Solution File, Format Version 12.00
# Visual Studio Version 16
VisualStudioVersion = 16.0.31911.196
MinimumVisualStudioVersion = 10.0.40219.1
Project("{9A19103F-16F7-4668-BE54-9A1E7A4F7556}") = "ContactsManager.API", "ContactsManager.API\ContactsManager.API.csproj", "{0DD80654-06C1-4E1C-B89D-47B82190BA16}"
EndProject
Project("{9A19103F-16F7-4668-BE54-9A1E7A4F7556}") = "ContactsManager.Domain", "ContactsManager.Domain\ContactsManager.Domain.csproj", "{C11D26FA-97B5-4A54-B83B-F3531FAEDA53}"
EndProject
Project("{9A19103F-16F7-4668-BE54-9A1E7A4F7556}") = "ContactsManager.Infrastructure", "ContactsManager.Infrastructure\ContactsManager.Infrastructure.csproj", "{BF527670-069E-4FEF-A33D-DD6DEB6C81A0}"
EndProject
Project("{9A19103F-16F7-4668-BE54-9A1E7A4F7556}") = "ContactsManager.Persistence", "ContactsManager.Persistence\ContactsManager.Persistence.csproj", "{4D54BC52-75E0-413D-A00C-14B34ABCE774}"
EndProject
Global
	GlobalSection(SolutionConfigurationPlatforms) = preSolution
		Debug|Any CPU = Debug|Any CPU
		Release|Any CPU = Release|Any CPU
	EndGlobalSection
	GlobalSection(ProjectConfigurationPlatforms) = postSolution
		{0DD80654-06C1-4E1C-B89D-47B82190BA16}.Debug|Any CPU.ActiveCfg = Debug|Any CPU
		{0DD80654-06C1-4E1C-B89D-47B82190BA16}.Debug|Any CPU.Build.0 = Debug|Any CPU
		{0DD80654-06C1-4E1C-B89D-47B82190BA16}.Release|Any CPU.ActiveCfg = Release|Any CPU
		{0DD80654-06C1-4E1C-B89D-47B82190BA16}.Release|Any CPU.Build.0 = Release|Any CPU
		{C11D26FA-97B5-4A54-B83B-F3531FAEDA53}.Debug|Any CPU.ActiveCfg = Debug|Any CPU
		{C11D26FA-97B5-4A54-B83B-F3531FAEDA53}.Debug|Any CPU.Build.0 = Debug|Any CPU
		{C11D26FA-97B5-4A54-B83B-F3531FAEDA53}.Release|Any CPU.ActiveCfg = Release|Any CPU
		{C11D26FA-97B5-4A54-B83B-F3531FAEDA53}.Release|Any CPU.Build.0 = Release|Any CPU
		{BF527670-069E-4FEF-A33D-DD6DEB6C81A0}.Debug|Any CPU.ActiveCfg = Debug|Any CPU
		{BF527670-069E-4FEF-A33D-DD6DEB6C81A0}.Debug|Any CPU.Build.0 = Debug|Any CPU
		{BF527670-069E-4FEF-A33D-DD6DEB6C81A0}.Release|Any CPU.ActiveCfg = Release|Any CPU
		{BF527670-069E-4FEF-A33D-DD6DEB6C81A0}.Release|Any CPU.Build.0 = Release|Any CPU
		{4D54BC52-75E0-413D-A00C-14B34ABCE774}.Debug|Any CPU.ActiveCfg = Debug|Any CPU
		{4D54BC52-75E0-413D-A00C-14B34ABCE774}.Debug|Any CPU.Build.0 = Debug|Any CPU
		{4D54BC52-75E0-413D-A00C-14B34ABCE774}.Release|Any CPU.ActiveCfg = Release|Any CPU
		{4D54BC52-75E0-413D-A00C-14B34ABCE774}.Release|Any CPU.Build.0 = Release|Any CPU
	EndGlobalSection
	GlobalSection(SolutionProperties) = preSolution
		HideSolutionNode = FALSE
	EndGlobalSection
	GlobalSection(ExtensibilityGlobals) = postSolution
		SolutionGuid = {CF37F41A-9D1D-4841-B07D-710A5FA3C713}
	EndGlobalSection
EndGlobal
